
Microsoft Visual Studio Solution File, Format Version 12.00
# Visual Studio Version 16
VisualStudioVersion = 16.0.29209.62
MinimumVisualStudioVersion = 10.0.40219.1
Project("{FAE04EC0-301F-11D3-BF4B-00C04F79EFBC}") = "Matrix", "Matrix\Matrix.csproj", "{C54ED25F-3B60-440E-B52E-F9A93B1D5004}"
EndProject
Project("{FAE04EC0-301F-11D3-BF4B-00C04F79EFBC}") = "Wildcards", "Wildcards\Wildcards.csproj", "{1CE7E13E-478D-4C5B-8D45-BD71BFBAAC67}"
EndProject
Global
	GlobalSection(SolutionConfigurationPlatforms) = preSolution
		Debug|Any CPU = Debug|Any CPU
		Release|Any CPU = Release|Any CPU
	EndGlobalSection
	GlobalSection(ProjectConfigurationPlatforms) = postSolution
		{C54ED25F-3B60-440E-B52E-F9A93B1D5004}.Debug|Any CPU.ActiveCfg = Debug|Any CPU
		{C54ED25F-3B60-440E-B52E-F9A93B1D5004}.Debug|Any CPU.Build.0 = Debug|Any CPU
		{C54ED25F-3B60-440E-B52E-F9A93B1D5004}.Release|Any CPU.ActiveCfg = Release|Any CPU
		{C54ED25F-3B60-440E-B52E-F9A93B1D5004}.Release|Any CPU.Build.0 = Release|Any CPU
		{1CE7E13E-478D-4C5B-8D45-BD71BFBAAC67}.Debug|Any CPU.ActiveCfg = Debug|Any CPU
		{1CE7E13E-478D-4C5B-8D45-BD71BFBAAC67}.Debug|Any CPU.Build.0 = Debug|Any CPU
		{1CE7E13E-478D-4C5B-8D45-BD71BFBAAC67}.Release|Any CPU.ActiveCfg = Release|Any CPU
		{1CE7E13E-478D-4C5B-8D45-BD71BFBAAC67}.Release|Any CPU.Build.0 = Release|Any CPU
	EndGlobalSection
	GlobalSection(SolutionProperties) = preSolution
		HideSolutionNode = FALSE
	EndGlobalSection
	GlobalSection(ExtensibilityGlobals) = postSolution
		SolutionGuid = {996D0A14-F5C3-4900-BE9B-074FCFB053F0}
	EndGlobalSection
EndGlobal
